
Microsoft Visual Studio Solution File, Format Version 12.00
# Visual Studio Version 17
VisualStudioVersion = 17.11.35222.181
MinimumVisualStudioVersion = 10.0.40219.1
Project("{FAE04EC0-301F-11D3-BF4B-00C04F79EFBC}") = "WpfAppDataBindingBMIOnClass", "WpfAppDataBindingBMIOnClass\WpfAppDataBindingBMIOnClass.csproj", "{DE61FCF0-FA67-4AAB-A112-C940999B7C16}"
EndProject
Global
	GlobalSection(SolutionConfigurationPlatforms) = preSolution
		Debug|Any CPU = Debug|Any CPU
		Release|Any CPU = Release|Any CPU
	EndGlobalSection
	GlobalSection(ProjectConfigurationPlatforms) = postSolution
		{DE61FCF0-FA67-4AAB-A112-C940999B7C16}.Debug|Any CPU.ActiveCfg = Debug|Any CPU
		{DE61FCF0-FA67-4AAB-A112-C940999B7C16}.Debug|Any CPU.Build.0 = Debug|Any CPU
		{DE61FCF0-FA67-4AAB-A112-C940999B7C16}.Release|Any CPU.ActiveCfg = Release|Any CPU
		{DE61FCF0-FA67-4AAB-A112-C940999B7C16}.Release|Any CPU.Build.0 = Release|Any CPU
	EndGlobalSection
	GlobalSection(SolutionProperties) = preSolution
		HideSolutionNode = FALSE
	EndGlobalSection
	GlobalSection(ExtensibilityGlobals) = postSolution
		SolutionGuid = {26B3145D-201E-4368-999A-7372C9ABA0BE}
	EndGlobalSection
EndGlobal
